
Microsoft Visual Studio Solution File, Format Version 12.00
# Visual Studio Version 16
VisualStudioVersion = 16.0.32106.194
MinimumVisualStudioVersion = 10.0.40219.1
Project("{FAE04EC0-301F-11D3-BF4B-00C04F79EFBC}") = "Teza", "Teza\Teza.csproj", "{760B5CF4-A681-46F3-81D2-14121AC47952}"
EndProject
Project("{FAE04EC0-301F-11D3-BF4B-00C04F79EFBC}") = "Data", "Data\Data.csproj", "{1B995E28-DFC7-49FC-8991-EA3510E26446}"
EndProject
Global
	GlobalSection(SolutionConfigurationPlatforms) = preSolution
		Debug|Any CPU = Debug|Any CPU
		Release|Any CPU = Release|Any CPU
	EndGlobalSection
	GlobalSection(ProjectConfigurationPlatforms) = postSolution
		{760B5CF4-A681-46F3-81D2-14121AC47952}.Debug|Any CPU.ActiveCfg = Debug|Any CPU
		{760B5CF4-A681-46F3-81D2-14121AC47952}.Debug|Any CPU.Build.0 = Debug|Any CPU
		{760B5CF4-A681-46F3-81D2-14121AC47952}.Release|Any CPU.ActiveCfg = Release|Any CPU
		{760B5CF4-A681-46F3-81D2-14121AC47952}.Release|Any CPU.Build.0 = Release|Any CPU
		{1B995E28-DFC7-49FC-8991-EA3510E26446}.Debug|Any CPU.ActiveCfg = Debug|Any CPU
		{1B995E28-DFC7-49FC-8991-EA3510E26446}.Debug|Any CPU.Build.0 = Debug|Any CPU
		{1B995E28-DFC7-49FC-8991-EA3510E26446}.Release|Any CPU.ActiveCfg = Release|Any CPU
		{1B995E28-DFC7-49FC-8991-EA3510E26446}.Release|Any CPU.Build.0 = Release|Any CPU
	EndGlobalSection
	GlobalSection(SolutionProperties) = preSolution
		HideSolutionNode = FALSE
	EndGlobalSection
	GlobalSection(ExtensibilityGlobals) = postSolution
		SolutionGuid = {F92D9BAC-66F7-44CE-906A-7F560E4F6D82}
	EndGlobalSection
EndGlobal
